
Microsoft Visual Studio Solution File, Format Version 11.00
# Visual C++ Express 2010
Project("{8BC9CEB8-8B4A-11D0-8D11-00A0C91BC942}") = "HTT", "HTT\HTT.vcxproj", "{E921B2DE-6603-4DD7-AD78-63A63AC80FE2}"
EndProject
Global
	GlobalSection(SolutionConfigurationPlatforms) = preSolution
		Release|Win32 = Release|Win32
	EndGlobalSection
	GlobalSection(ProjectConfigurationPlatforms) = postSolution
		{E921B2DE-6603-4DD7-AD78-63A63AC80FE2}.Release|Win32.ActiveCfg = Release|Win32
		{E921B2DE-6603-4DD7-AD78-63A63AC80FE2}.Release|Win32.Build.0 = Release|Win32
	EndGlobalSection
	GlobalSection(SolutionProperties) = preSolution
		HideSolutionNode = FALSE
	EndGlobalSection
EndGlobal
